// !$*UTF8*$!
{
	archiveVersion = 1;
	classes = {
	};
	objectVersion = 46;
	objects = {

/* Begin PBXBuildFile section */
		184881FA8DA16F19F01E3C61 /* SaveImage.swift in Sources */ = {isa = PBXBuildFile; fileRef = 18488F7DF379105233D6310A /* SaveImage.swift */; };
		184881FC1C59CF8D43AAD305 /* FileManagerTest.swift in Sources */ = {isa = PBXBuildFile; fileRef = 184883D592D9D3FF3E467258 /* FileManagerTest.swift */; };
		184883753298B9F777B73FFF /* Assets.xcassets in Resources */ = {isa = PBXBuildFile; fileRef = 18488B3C575C44EE3178D7E7 /* Assets.xcassets */; };
		184884339E24E0433E99A497 /* learnswiftTests.swift in Sources */ = {isa = PBXBuildFile; fileRef = 1848853BE672CECF2A8FEB5B /* learnswiftTests.swift */; };
		184885B038DCC03D6F6D84BE /* EditImageTest.swift in Sources */ = {isa = PBXBuildFile; fileRef = 184884CD0CD24DE0E91861B0 /* EditImageTest.swift */; };
		1848887DAB2CF072FBDF69BB /* Preview Assets.xcassets in Resources */ = {isa = PBXBuildFile; fileRef = 1848838DEA50EF95737E9113 /* Preview Assets.xcassets */; };
		184888858CE442AB32E9070C /* learnswiftUITests.swift in Sources */ = {isa = PBXBuildFile; fileRef = 18488E86FE2D891EBF8751E8 /* learnswiftUITests.swift */; };
		1848894E73EC49EA4EA9D50C /* ContentView.swift in Sources */ = {isa = PBXBuildFile; fileRef = 1848837A6951186B7D2EDC44 /* ContentView.swift */; };
		184889ED3B9D3B313EB7F74B /* learnswiftApp.swift in Sources */ = {isa = PBXBuildFile; fileRef = 1848826B36D3825278E6A99A /* learnswiftApp.swift */; };
		18488D0E99106D7B70B3AE18 /* ImageConvert.swift in Sources */ = {isa = PBXBuildFile; fileRef = 18488FF1B0369E5024B11883 /* ImageConvert.swift */; };
		18488E37AD32E3ED211A2498 /* CompareImagesTest.swift in Sources */ = {isa = PBXBuildFile; fileRef = 184887385C42FACFED170EBB /* CompareImagesTest.swift */; };
/* End PBXBuildFile section */

/* Begin PBXContainerItemProxy section */
		18488B303ED329B9ADF0773A /* PBXContainerItemProxy */ = {
			isa = PBXContainerItemProxy;
			containerPortal = 18488A412538469ED13E0AE4 /* Project object */;
			proxyType = 1;
			remoteGlobalIDString = 1848820E4FA6DD842F17CE37;
			remoteInfo = learnswift;
		};
		18488D637101579EC67978A8 /* PBXContainerItemProxy */ = {
			isa = PBXContainerItemProxy;
			containerPortal = 18488A412538469ED13E0AE4 /* Project object */;
			proxyType = 1;
			remoteGlobalIDString = 1848820E4FA6DD842F17CE37;
			remoteInfo = learnswift;
		};
/* End PBXContainerItemProxy section */

/* Begin PBXFileReference section */
		184880FF5D268EDD7E16043B /* Info.plist */ = {isa = PBXFileReference; lastKnownFileType = text.plist.info; path = Info.plist; sourceTree = "<group>"; };
		1848819F2F5B23452BFB1B90 /* learnswift.app */ = {isa = PBXFileReference; explicitFileType = wrapper.application; includeInIndex = 0; path = learnswift.app; sourceTree = BUILT_PRODUCTS_DIR; };
		1848826B36D3825278E6A99A /* learnswiftApp.swift */ = {isa = PBXFileReference; fileEncoding = 4; lastKnownFileType = sourcecode.swift; path = learnswiftApp.swift; sourceTree = "<group>"; };
		1848837A6951186B7D2EDC44 /* ContentView.swift */ = {isa = PBXFileReference; fileEncoding = 4; lastKnownFileType = sourcecode.swift; path = ContentView.swift; sourceTree = "<group>"; };
		1848838DEA50EF95737E9113 /* Preview Assets.xcassets */ = {isa = PBXFileReference; lastKnownFileType = folder.assetcatalog; path = "Preview Assets.xcassets"; sourceTree = "<group>"; };
		184883D592D9D3FF3E467258 /* FileManagerTest.swift */ = {isa = PBXFileReference; fileEncoding = 4; lastKnownFileType = sourcecode.swift; path = FileManagerTest.swift; sourceTree = "<group>"; };
		184884CD0CD24DE0E91861B0 /* EditImageTest.swift */ = {isa = PBXFileReference; fileEncoding = 4; lastKnownFileType = sourcecode.swift; path = EditImageTest.swift; sourceTree = "<group>"; };
		184885211953EF6F544C7262 /* learnswiftUITests.xctest */ = {isa = PBXFileReference; explicitFileType = wrapper.cfbundle; includeInIndex = 0; path = learnswiftUITests.xctest; sourceTree = BUILT_PRODUCTS_DIR; };
		1848853BE672CECF2A8FEB5B /* learnswiftTests.swift */ = {isa = PBXFileReference; fileEncoding = 4; lastKnownFileType = sourcecode.swift; name = learnswiftTests.swift; path = old/learnswiftTests.swift; sourceTree = "<group>"; };
		184885F48F72FEF2F2D00C4C /* Info.plist */ = {isa = PBXFileReference; lastKnownFileType = text.plist.info; path = Info.plist; sourceTree = "<group>"; };
		184887385C42FACFED170EBB /* CompareImagesTest.swift */ = {isa = PBXFileReference; fileEncoding = 4; lastKnownFileType = sourcecode.swift; path = CompareImagesTest.swift; sourceTree = "<group>"; };
		18488A06CF1C07E708FD3D91 /* learnswiftTests.xctest */ = {isa = PBXFileReference; explicitFileType = wrapper.cfbundle; includeInIndex = 0; path = learnswiftTests.xctest; sourceTree = BUILT_PRODUCTS_DIR; };
		18488B3C575C44EE3178D7E7 /* Assets.xcassets */ = {isa = PBXFileReference; lastKnownFileType = folder.assetcatalog; path = Assets.xcassets; sourceTree = "<group>"; };
		18488E86FE2D891EBF8751E8 /* learnswiftUITests.swift */ = {isa = PBXFileReference; lastKnownFileType = sourcecode.swift; path = learnswiftUITests.swift; sourceTree = "<group>"; };
		18488F7DF379105233D6310A /* SaveImage.swift */ = {isa = PBXFileReference; fileEncoding = 4; lastKnownFileType = sourcecode.swift; path = SaveImage.swift; sourceTree = "<group>"; };
		18488FAD10A2B12640826208 /* Info.plist */ = {isa = PBXFileReference; lastKnownFileType = text.plist.info; path = Info.plist; sourceTree = "<group>"; };
		18488FF1B0369E5024B11883 /* ImageConvert.swift */ = {isa = PBXFileReference; fileEncoding = 4; lastKnownFileType = sourcecode.swift; path = ImageConvert.swift; sourceTree = "<group>"; };
/* End PBXFileReference section */

/* Begin PBXFrameworksBuildPhase section */
		18488683F389F2D98542BF9F /* Frameworks */ = {
			isa = PBXFrameworksBuildPhase;
			buildActionMask = 2147483647;
			files = (
			);
			runOnlyForDeploymentPostprocessing = 0;
		};
		184888585902FDCE83D471D8 /* Frameworks */ = {
			isa = PBXFrameworksBuildPhase;
			buildActionMask = 2147483647;
			files = (
			);
			runOnlyForDeploymentPostprocessing = 0;
		};
		1848896040ADE8CA16B6A23F /* Frameworks */ = {
			isa = PBXFrameworksBuildPhase;
			buildActionMask = 2147483647;
			files = (
			);
			runOnlyForDeploymentPostprocessing = 0;
		};
/* End PBXFrameworksBuildPhase section */

/* Begin PBXGroup section */
		184881BCC1BC585EC4A37605 = {
			isa = PBXGroup;
			children = (
				18488E179355215746E5A7FA /* Products */,
				184882BB5B4F72C53FC9EEB1 /* learnswift */,
				18488A020934B03606033113 /* learnswiftTests */,
				18488E1169D8556342AA18D2 /* learnswiftUITests */,
			);
			sourceTree = "<group>";
		};
		184882BB5B4F72C53FC9EEB1 /* learnswift */ = {
			isa = PBXGroup;
			children = (
				184880FF5D268EDD7E16043B /* Info.plist */,
				18488B3C575C44EE3178D7E7 /* Assets.xcassets */,
				18488D1BD2FF1E3F62691454 /* Preview Content */,
				1848826B36D3825278E6A99A /* learnswiftApp.swift */,
				1848837A6951186B7D2EDC44 /* ContentView.swift */,
			);
			path = learnswift;
			sourceTree = "<group>";
		};
		18488A020934B03606033113 /* learnswiftTests */ = {
			isa = PBXGroup;
			children = (
				184885F48F72FEF2F2D00C4C /* Info.plist */,
				184884CD0CD24DE0E91861B0 /* EditImageTest.swift */,
				184883D592D9D3FF3E467258 /* FileManagerTest.swift */,
				184887385C42FACFED170EBB /* CompareImagesTest.swift */,
				1848853BE672CECF2A8FEB5B /* learnswiftTests.swift */,
				18488F7DF379105233D6310A /* SaveImage.swift */,
				18488FF1B0369E5024B11883 /* ImageConvert.swift */,
			);
			path = learnswiftTests;
			sourceTree = "<group>";
		};
		18488D1BD2FF1E3F62691454 /* Preview Content */ = {
			isa = PBXGroup;
			children = (
				1848838DEA50EF95737E9113 /* Preview Assets.xcassets */,
			);
			path = "Preview Content";
			sourceTree = "<group>";
		};
		18488E1169D8556342AA18D2 /* learnswiftUITests */ = {
			isa = PBXGroup;
			children = (
				18488FAD10A2B12640826208 /* Info.plist */,
				18488E86FE2D891EBF8751E8 /* learnswiftUITests.swift */,
			);
			path = learnswiftUITests;
			sourceTree = "<group>";
		};
		18488E179355215746E5A7FA /* Products */ = {
			isa = PBXGroup;
			children = (
				1848819F2F5B23452BFB1B90 /* learnswift.app */,
				18488A06CF1C07E708FD3D91 /* learnswiftTests.xctest */,
				184885211953EF6F544C7262 /* learnswiftUITests.xctest */,
			);
			name = Products;
			sourceTree = "<group>";
		};
/* End PBXGroup section */

/* Begin PBXNativeTarget section */
		1848820E4FA6DD842F17CE37 /* learnswift */ = {
			isa = PBXNativeTarget;
			buildConfigurationList = 184880FAA6195F2E1BFEDFE5 /* Build configuration list for PBXNativeTarget "learnswift" */;
			buildPhases = (
				18488F4C90BD8D4B6259D1F9 /* Sources */,
				18488683F389F2D98542BF9F /* Frameworks */,
				184886315856683F4C8C4E96 /* Resources */,
			);
			buildRules = (
			);
			dependencies = (
			);
			name = learnswift;
			productName = learnswift;
			productReference = 1848819F2F5B23452BFB1B90 /* learnswift.app */;
			productType = "com.apple.product-type.application";
		};
		184883D02652E8143A9CF39A /* learnswiftTests */ = {
			isa = PBXNativeTarget;
			buildConfigurationList = 1848897094830111FE1E3347 /* Build configuration list for PBXNativeTarget "learnswiftTests" */;
			buildPhases = (
				18488181C727BF011CB64AF0 /* Sources */,
				1848896040ADE8CA16B6A23F /* Frameworks */,
				18488BDFFFE2B14624CC7DC3 /* Resources */,
			);
			buildRules = (
			);
			dependencies = (
				184883C4B5FFBCB9294E50CB /* PBXTargetDependency */,
			);
			name = learnswiftTests;
			productName = learnswiftTests;
			productReference = 18488A06CF1C07E708FD3D91 /* learnswiftTests.xctest */;
			productType = "com.apple.product-type.bundle.unit-test";
		};
		1848888276DD4045314EAD37 /* learnswiftUITests */ = {
			isa = PBXNativeTarget;
			buildConfigurationList = 18488E4D186FF41046F03B27 /* Build configuration list for PBXNativeTarget "learnswiftUITests" */;
			buildPhases = (
				18488248E4D9D1F4BB49B710 /* Sources */,
				184888585902FDCE83D471D8 /* Frameworks */,
				18488895CE1AA2041C4BD69F /* Resources */,
			);
			buildRules = (
			);
			dependencies = (
				184886EFAE3890DE3790CBF9 /* PBXTargetDependency */,
			);
			name = learnswiftUITests;
			productName = learnswiftUITests;
			productReference = 184885211953EF6F544C7262 /* learnswiftUITests.xctest */;
			productType = "com.apple.product-type.bundle.ui-testing";
		};
/* End PBXNativeTarget section */

/* Begin PBXProject section */
		18488A412538469ED13E0AE4 /* Project object */ = {
			isa = PBXProject;
			buildConfigurationList = 18488A0D0A263371AC4EDB37 /* Build configuration list for PBXProject "learnswift" */;
			compatibilityVersion = "Xcode 3.2";
			developmentRegion = English;
			hasScannedForEncodings = 0;
			knownRegions = (
				en,
			);
			mainGroup = 184881BCC1BC585EC4A37605;
			productRefGroup = 18488E179355215746E5A7FA /* Products */;
			projectDirPath = "";
			projectRoot = "";
			targets = (
				1848820E4FA6DD842F17CE37 /* learnswift */,
				184883D02652E8143A9CF39A /* learnswiftTests */,
				1848888276DD4045314EAD37 /* learnswiftUITests */,
			);
		};
/* End PBXProject section */

/* Begin PBXResourcesBuildPhase section */
		184886315856683F4C8C4E96 /* Resources */ = {
			isa = PBXResourcesBuildPhase;
			buildActionMask = 2147483647;
			files = (
				184883753298B9F777B73FFF /* Assets.xcassets in Resources */,
				1848887DAB2CF072FBDF69BB /* Preview Assets.xcassets in Resources */,
			);
			runOnlyForDeploymentPostprocessing = 0;
		};
		18488895CE1AA2041C4BD69F /* Resources */ = {
			isa = PBXResourcesBuildPhase;
			buildActionMask = 2147483647;
			files = (
			);
			runOnlyForDeploymentPostprocessing = 0;
		};
		18488BDFFFE2B14624CC7DC3 /* Resources */ = {
			isa = PBXResourcesBuildPhase;
			buildActionMask = 2147483647;
			files = (
			);
			runOnlyForDeploymentPostprocessing = 0;
		};
/* End PBXResourcesBuildPhase section */

/* Begin PBXSourcesBuildPhase section */
		18488181C727BF011CB64AF0 /* Sources */ = {
			isa = PBXSourcesBuildPhase;
			buildActionMask = 2147483647;
			files = (
				184885B038DCC03D6F6D84BE /* EditImageTest.swift in Sources */,
				184881FC1C59CF8D43AAD305 /* FileManagerTest.swift in Sources */,
				18488E37AD32E3ED211A2498 /* CompareImagesTest.swift in Sources */,
				184884339E24E0433E99A497 /* learnswiftTests.swift in Sources */,
				184881FA8DA16F19F01E3C61 /* SaveImage.swift in Sources */,
				18488D0E99106D7B70B3AE18 /* ImageConvert.swift in Sources */,
			);
			runOnlyForDeploymentPostprocessing = 0;
		};
		18488248E4D9D1F4BB49B710 /* Sources */ = {
			isa = PBXSourcesBuildPhase;
			buildActionMask = 2147483647;
			files = (
				184888858CE442AB32E9070C /* learnswiftUITests.swift in Sources */,
			);
			runOnlyForDeploymentPostprocessing = 0;
		};
		18488F4C90BD8D4B6259D1F9 /* Sources */ = {
			isa = PBXSourcesBuildPhase;
			buildActionMask = 2147483647;
			files = (
				184889ED3B9D3B313EB7F74B /* learnswiftApp.swift in Sources */,
				1848894E73EC49EA4EA9D50C /* ContentView.swift in Sources */,
			);
			runOnlyForDeploymentPostprocessing = 0;
		};
/* End PBXSourcesBuildPhase section */

/* Begin PBXTargetDependency section */
		184883C4B5FFBCB9294E50CB /* PBXTargetDependency */ = {
			isa = PBXTargetDependency;
			target = 1848820E4FA6DD842F17CE37 /* learnswift */;
			targetProxy = 18488B303ED329B9ADF0773A /* PBXContainerItemProxy */;
		};
		184886EFAE3890DE3790CBF9 /* PBXTargetDependency */ = {
			isa = PBXTargetDependency;
			target = 1848820E4FA6DD842F17CE37 /* learnswift */;
			targetProxy = 18488D637101579EC67978A8 /* PBXContainerItemProxy */;
		};
/* End PBXTargetDependency section */

/* Begin XCBuildConfiguration section */
		1848814F7F89E59011C3820F /* Debug */ = {
			isa = XCBuildConfiguration;
			buildSettings = {
				BUNDLE_LOADER = "$(BUILT_PRODUCTS_DIR)/learnswift.app/learnswift";
				INFOPLIST_FILE = learnswiftTests/Info.plist;
				LD_RUNPATH_SEARCH_PATHS = "$(inherited) @executable_path/Frameworks @loader_path/Frameworks";
				PRODUCT_BUNDLE_IDENTIFIER = org.sample.learnswiftTests;
				PRODUCT_NAME = "$(TARGET_NAME)";
				SWIFT_VERSION = 5.0;
				TARGETED_DEVICE_FAMILY = "1,2";
				TEST_HOST = "$(BUNDLE_LOADER)";
			};
			name = Debug;
		};
		184881629B71BD86A6B6BC7E /* Release */ = {
			isa = XCBuildConfiguration;
			buildSettings = {
				ASSETCATALOG_COMPILER_APPICON_NAME = AppIcon;
				ASSETCATALOG_COMPILER_GLOBAL_ACCENT_COLOR_NAME = AccentColor;
				DEVELOPMENT_ASSET_PATHS = "\"learnswift/Preview Content\"";
				ENABLE_PREVIEWS = YES;
				INFOPLIST_FILE = learnswift/Info.plist;
				IPHONEOS_DEPLOYMENT_TARGET = 14.0;
				LD_RUNPATH_SEARCH_PATHS = "$(inherited) @executable_path/Frameworks";
				PRODUCT_BUNDLE_IDENTIFIER = org.sample.learnswift;
				PRODUCT_NAME = "$(TARGET_NAME)";
				SWIFT_VERSION = 5.0;
				TARGETED_DEVICE_FAMILY = "1,2";
			};
			name = Release;
		};
		1848821F7142AE8015B6F69A /* Release */ = {
			isa = XCBuildConfiguration;
			buildSettings = {
				INFOPLIST_FILE = learnswiftUITests/Info.plist;
				LD_RUNPATH_SEARCH_PATHS = "$(inherited) @executable_path/Frameworks @loader_path/Frameworks";
				PRODUCT_BUNDLE_IDENTIFIER = org.sample.learnswiftUITests;
				PRODUCT_NAME = "$(TARGET_NAME)";
				SWIFT_VERSION = 5.0;
				TARGETED_DEVICE_FAMILY = "1,2";
				TEST_TARGET_NAME = learnswift;
			};
			name = Release;
		};
		184883DE612D617EC71E8BE7 /* Release */ = {
			isa = XCBuildConfiguration;
			buildSettings = {
				ALWAYS_SEARCH_USER_PATHS = NO;
				CLANG_ANALYZER_NONNULL = YES;
				CLANG_ANALYZER_NUMBER_OBJECT_CONVERSION = YES_AGGRESSIVE;
				CLANG_CXX_LANGUAGE_STANDARD = "gnu++14";
				CLANG_CXX_LIBRARY = "libc++";
				CLANG_ENABLE_MODULES = YES;
				CLANG_ENABLE_OBJC_ARC = YES;
				CLANG_ENABLE_OBJC_WEAK = YES;
				CLANG_WARN_BLOCK_CAPTURE_AUTORELEASING = YES;
				CLANG_WARN_BOOL_CONVERSION = YES;
				CLANG_WARN_COMMA = YES;
				CLANG_WARN_CONSTANT_CONVERSION = YES;
				CLANG_WARN_DEPRECATED_OBJC_IMPLEMENTATIONS = YES;
				CLANG_WARN_DIRECT_OBJC_ISA_USAGE = YES_ERROR;
				CLANG_WARN_DOCUMENTATION_COMMENTS = YES;
				CLANG_WARN_EMPTY_BODY = YES;
				CLANG_WARN_ENUM_CONVERSION = YES;
				CLANG_WARN_INFINITE_RECURSION = YES;
				CLANG_WARN_INT_CONVERSION = YES;
				CLANG_WARN_NON_LITERAL_NULL_CONVERSION = YES;
				CLANG_WARN_OBJC_IMPLICIT_RETAIN_SELF = YES;
				CLANG_WARN_OBJC_LITERAL_CONVERSION = YES;
				CLANG_WARN_OBJC_ROOT_CLASS = YES_ERROR;
				CLANG_WARN_QUOTED_INCLUDE_IN_FRAMEWORK_HEADER = YES;
				CLANG_WARN_RANGE_LOOP_ANALYSIS = YES;
				CLANG_WARN_STRICT_PROTOTYPES = YES;
				CLANG_WARN_SUSPICIOUS_MOVE = YES;
				CLANG_WARN_UNGUARDED_AVAILABILITY = YES_AGGRESSIVE;
				CLANG_WARN_UNREACHABLE_CODE = YES;
				CLANG_WARN__DUPLICATE_METHOD_MATCH = YES;
				COPY_PHASE_STRIP = NO;
				DEBUG_INFORMATION_FORMAT = "dwarf-with-dsym";
				ENABLE_NS_ASSERTIONS = NO;
				ENABLE_STRICT_OBJC_MSGSEND = YES;
				GCC_C_LANGUAGE_STANDARD = gnu11;
				GCC_NO_COMMON_BLOCKS = YES;
				GCC_WARN_64_TO_32_BIT_CONVERSION = YES;
				GCC_WARN_ABOUT_RETURN_TYPE = YES_ERROR;
				GCC_WARN_UNDECLARED_SELECTOR = YES;
				GCC_WARN_UNINITIALIZED_AUTOS = YES_AGGRESSIVE;
				GCC_WARN_UNUSED_FUNCTION = YES;
				GCC_WARN_UNUSED_VARIABLE = YES;
				IPHONEOS_DEPLOYMENT_TARGET = 14.2;
				MTL_ENABLE_DEBUG_INFO = NO;
				MTL_FAST_MATH = YES;
				SDKROOT = iphoneos;
				SWIFT_COMPILATION_MODE = wholemodule;
				SWIFT_OPTIMIZATION_LEVEL = "-O";
				VALIDATE_PRODUCT = YES;
			};
			name = Release;
		};
		184884B1A08943A1BE9FF5EC /* Debug */ = {
			isa = XCBuildConfiguration;
			buildSettings = {
				ASSETCATALOG_COMPILER_APPICON_NAME = AppIcon;
				ASSETCATALOG_COMPILER_GLOBAL_ACCENT_COLOR_NAME = AccentColor;
				DEVELOPMENT_ASSET_PATHS = "\"learnswift/Preview Content\"";
				ENABLE_PREVIEWS = YES;
				INFOPLIST_FILE = learnswift/Info.plist;
				IPHONEOS_DEPLOYMENT_TARGET = 14.0;
				LD_RUNPATH_SEARCH_PATHS = "$(inherited) @executable_path/Frameworks";
				PRODUCT_BUNDLE_IDENTIFIER = org.sample.learnswift;
				PRODUCT_NAME = "$(TARGET_NAME)";
				SWIFT_VERSION = 5.0;
				TARGETED_DEVICE_FAMILY = "1,2";
			};
			name = Debug;
		};
		184884D6D6C17C641ED9DB69 /* Debug */ = {
			isa = XCBuildConfiguration;
			buildSettings = {
				INFOPLIST_FILE = learnswiftUITests/Info.plist;
				LD_RUNPATH_SEARCH_PATHS = "$(inherited) @executable_path/Frameworks @loader_path/Frameworks";
				PRODUCT_BUNDLE_IDENTIFIER = org.sample.learnswiftUITests;
				PRODUCT_NAME = "$(TARGET_NAME)";
				SWIFT_VERSION = 5.0;
				TARGETED_DEVICE_FAMILY = "1,2";
				TEST_TARGET_NAME = learnswift;
			};
			name = Debug;
		};
		18488C8565799FB81915A8BC /* Debug */ = {
			isa = XCBuildConfiguration;
			buildSettings = {
				ALWAYS_SEARCH_USER_PATHS = NO;
				CLANG_ANALYZER_NONNULL = YES;
				CLANG_ANALYZER_NUMBER_OBJECT_CONVERSION = YES_AGGRESSIVE;
				CLANG_CXX_LANGUAGE_STANDARD = "gnu++14";
				CLANG_CXX_LIBRARY = "libc++";
				CLANG_ENABLE_MODULES = YES;
				CLANG_ENABLE_OBJC_ARC = YES;
				CLANG_ENABLE_OBJC_WEAK = YES;
				CLANG_WARN_BLOCK_CAPTURE_AUTORELEASING = YES;
				CLANG_WARN_BOOL_CONVERSION = YES;
				CLANG_WARN_COMMA = YES;
				CLANG_WARN_CONSTANT_CONVERSION = YES;
				CLANG_WARN_DEPRECATED_OBJC_IMPLEMENTATIONS = YES;
				CLANG_WARN_DIRECT_OBJC_ISA_USAGE = YES_ERROR;
				CLANG_WARN_DOCUMENTATION_COMMENTS = YES;
				CLANG_WARN_EMPTY_BODY = YES;
				CLANG_WARN_ENUM_CONVERSION = YES;
				CLANG_WARN_INFINITE_RECURSION = YES;
				CLANG_WARN_INT_CONVERSION = YES;
				CLANG_WARN_NON_LITERAL_NULL_CONVERSION = YES;
				CLANG_WARN_OBJC_IMPLICIT_RETAIN_SELF = YES;
				CLANG_WARN_OBJC_LITERAL_CONVERSION = YES;
				CLANG_WARN_OBJC_ROOT_CLASS = YES_ERROR;
				CLANG_WARN_QUOTED_INCLUDE_IN_FRAMEWORK_HEADER = YES;
				CLANG_WARN_RANGE_LOOP_ANALYSIS = YES;
				CLANG_WARN_STRICT_PROTOTYPES = YES;
				CLANG_WARN_SUSPICIOUS_MOVE = YES;
				CLANG_WARN_UNGUARDED_AVAILABILITY = YES_AGGRESSIVE;
				CLANG_WARN_UNREACHABLE_CODE = YES;
				CLANG_WARN__DUPLICATE_METHOD_MATCH = YES;
				COPY_PHASE_STRIP = NO;
				DEBUG_INFORMATION_FORMAT = dwarf;
				ENABLE_STRICT_OBJC_MSGSEND = YES;
				ENABLE_TESTABILITY = YES;
				GCC_C_LANGUAGE_STANDARD = gnu11;
				GCC_DYNAMIC_NO_PIC = NO;
				GCC_NO_COMMON_BLOCKS = YES;
				GCC_OPTIMIZATION_LEVEL = 0;
				GCC_PREPROCESSOR_DEFINITIONS = (
					"DEBUG=1",
					"$(inherited)",
				);
				GCC_WARN_64_TO_32_BIT_CONVERSION = YES;
				GCC_WARN_ABOUT_RETURN_TYPE = YES_ERROR;
				GCC_WARN_UNDECLARED_SELECTOR = YES;
				GCC_WARN_UNINITIALIZED_AUTOS = YES_AGGRESSIVE;
				GCC_WARN_UNUSED_FUNCTION = YES;
				GCC_WARN_UNUSED_VARIABLE = YES;
				IPHONEOS_DEPLOYMENT_TARGET = 14.2;
				MTL_ENABLE_DEBUG_INFO = INCLUDE_SOURCE;
				MTL_FAST_MATH = YES;
				ONLY_ACTIVE_ARCH = YES;
				SDKROOT = iphoneos;
				SWIFT_ACTIVE_COMPILATION_CONDITIONS = DEBUG;
				SWIFT_OPTIMIZATION_LEVEL = "-Onone";
			};
			name = Debug;
		};
		18488D501D14A586FBBB8E4E /* Release */ = {
			isa = XCBuildConfiguration;
			buildSettings = {
				BUNDLE_LOADER = "$(BUILT_PRODUCTS_DIR)/learnswift.app/learnswift";
				INFOPLIST_FILE = learnswiftTests/Info.plist;
				LD_RUNPATH_SEARCH_PATHS = "$(inherited) @executable_path/Frameworks @loader_path/Frameworks";
				PRODUCT_BUNDLE_IDENTIFIER = org.sample.learnswiftTests;
				PRODUCT_NAME = "$(TARGET_NAME)";
				SWIFT_VERSION = 5.0;
				TARGETED_DEVICE_FAMILY = "1,2";
				TEST_HOST = "$(BUNDLE_LOADER)";
			};
			name = Release;
		};
/* End XCBuildConfiguration section */

/* Begin XCConfigurationList section */
		184880FAA6195F2E1BFEDFE5 /* Build configuration list for PBXNativeTarget "learnswift" */ = {
			isa = XCConfigurationList;
			buildConfigurations = (
				184884B1A08943A1BE9FF5EC /* Debug */,
				184881629B71BD86A6B6BC7E /* Release */,
			);
			defaultConfigurationIsVisible = 0;
		};
		1848897094830111FE1E3347 /* Build configuration list for PBXNativeTarget "learnswiftTests" */ = {
			isa = XCConfigurationList;
			buildConfigurations = (
				1848814F7F89E59011C3820F /* Debug */,
				18488D501D14A586FBBB8E4E /* Release */,
			);
			defaultConfigurationIsVisible = 0;
		};
		18488A0D0A263371AC4EDB37 /* Build configuration list for PBXProject "learnswift" */ = {
			isa = XCConfigurationList;
			buildConfigurations = (
				18488C8565799FB81915A8BC /* Debug */,
				184883DE612D617EC71E8BE7 /* Release */,
			);
			defaultConfigurationIsVisible = 0;
			defaultConfigurationName = Release;
		};
		18488E4D186FF41046F03B27 /* Build configuration list for PBXNativeTarget "learnswiftUITests" */ = {
			isa = XCConfigurationList;
			buildConfigurations = (
				184884D6D6C17C641ED9DB69 /* Debug */,
				1848821F7142AE8015B6F69A /* Release */,
			);
			defaultConfigurationIsVisible = 0;
		};
/* End XCConfigurationList section */
	};
	rootObject = 18488A412538469ED13E0AE4 /* Project object */;
}
